
Microsoft Visual Studio Solution File, Format Version 12.00
# Visual Studio Version 16
VisualStudioVersion = 16.0.30413.136
MinimumVisualStudioVersion = 10.0.40219.1
Project("{FAE04EC0-301F-11D3-BF4B-00C04F79EFBC}") = "WebAPI_Practice", "WebAPI_Practice\WebAPI_Practice.csproj", "{F09225CD-B3AD-438F-8C3B-062A369EAB3B}"
EndProject
Global
	GlobalSection(SolutionConfigurationPlatforms) = preSolution
		Debug|Any CPU = Debug|Any CPU
		Release|Any CPU = Release|Any CPU
	EndGlobalSection
	GlobalSection(ProjectConfigurationPlatforms) = postSolution
		{F09225CD-B3AD-438F-8C3B-062A369EAB3B}.Debug|Any CPU.ActiveCfg = Debug|Any CPU
		{F09225CD-B3AD-438F-8C3B-062A369EAB3B}.Debug|Any CPU.Build.0 = Debug|Any CPU
		{F09225CD-B3AD-438F-8C3B-062A369EAB3B}.Release|Any CPU.ActiveCfg = Release|Any CPU
		{F09225CD-B3AD-438F-8C3B-062A369EAB3B}.Release|Any CPU.Build.0 = Release|Any CPU
	EndGlobalSection
	GlobalSection(SolutionProperties) = preSolution
		HideSolutionNode = FALSE
	EndGlobalSection
	GlobalSection(ExtensibilityGlobals) = postSolution
		SolutionGuid = {DB20DB8F-4B96-42A3-90E8-CBD401B9E7BC}
	EndGlobalSection
EndGlobal
